
Microsoft Visual Studio Solution File, Format Version 12.00
# Visual Studio Version 16
VisualStudioVersion = 16.0.30503.244
MinimumVisualStudioVersion = 10.0.40219.1
Project("{FAE04EC0-301F-11D3-BF4B-00C04F79EFBC}") = "01", "lab2\01.csproj", "{04C3ECFD-9D1D-48FC-BE65-1ABFB02C07CA}"
EndProject
Project("{FAE04EC0-301F-11D3-BF4B-00C04F79EFBC}") = "02", "02\02.csproj", "{0CFAB8B1-D3E0-4CE5-AAA9-E3DAE6BF0C04}"
EndProject
Project("{FAE04EC0-301F-11D3-BF4B-00C04F79EFBC}") = "03", "03\03.csproj", "{372B076F-856D-41E2-8D59-23733D2D4A0E}"
EndProject
Project("{FAE04EC0-301F-11D3-BF4B-00C04F79EFBC}") = "04", "04\04.csproj", "{1746E990-FF4C-4C86-AF43-1D8389F9512F}"
EndProject
Project("{FAE04EC0-301F-11D3-BF4B-00C04F79EFBC}") = "05", "05\05.csproj", "{EE501C47-ECB2-49EA-8F3C-05E1C44C201C}"
EndProject
Project("{FAE04EC0-301F-11D3-BF4B-00C04F79EFBC}") = "06", "06\06.csproj", "{4C837B57-E62C-4FD3-824F-74D315634DE1}"
EndProject
Project("{FAE04EC0-301F-11D3-BF4B-00C04F79EFBC}") = "07", "07\07.csproj", "{4DF09841-A830-432F-92BE-D019F4AAFAF9}"
EndProject
Project("{FAE04EC0-301F-11D3-BF4B-00C04F79EFBC}") = "08", "08\08.csproj", "{90030514-BD2C-4348-B7E3-798F6D62C2A7}"
EndProject
Project("{FAE04EC0-301F-11D3-BF4B-00C04F79EFBC}") = "10", "10\10.csproj", "{01F8216E-A352-4274-AA0E-E8C25D80926C}"
EndProject
Project("{FAE04EC0-301F-11D3-BF4B-00C04F79EFBC}") = "11", "11\11.csproj", "{764B86AC-E52A-41CA-A914-3117B07C333D}"
EndProject
Project("{FAE04EC0-301F-11D3-BF4B-00C04F79EFBC}") = "09", "09\09.csproj", "{A546C941-5C95-4C86-AA66-B5E5ABC6B09C}"
EndProject
Global
	GlobalSection(SolutionConfigurationPlatforms) = preSolution
		Debug|Any CPU = Debug|Any CPU
		Release|Any CPU = Release|Any CPU
	EndGlobalSection
	GlobalSection(ProjectConfigurationPlatforms) = postSolution
		{04C3ECFD-9D1D-48FC-BE65-1ABFB02C07CA}.Debug|Any CPU.ActiveCfg = Debug|Any CPU
		{04C3ECFD-9D1D-48FC-BE65-1ABFB02C07CA}.Debug|Any CPU.Build.0 = Debug|Any CPU
		{04C3ECFD-9D1D-48FC-BE65-1ABFB02C07CA}.Release|Any CPU.ActiveCfg = Release|Any CPU
		{04C3ECFD-9D1D-48FC-BE65-1ABFB02C07CA}.Release|Any CPU.Build.0 = Release|Any CPU
		{0CFAB8B1-D3E0-4CE5-AAA9-E3DAE6BF0C04}.Debug|Any CPU.ActiveCfg = Debug|Any CPU
		{0CFAB8B1-D3E0-4CE5-AAA9-E3DAE6BF0C04}.Debug|Any CPU.Build.0 = Debug|Any CPU
		{0CFAB8B1-D3E0-4CE5-AAA9-E3DAE6BF0C04}.Release|Any CPU.ActiveCfg = Release|Any CPU
		{0CFAB8B1-D3E0-4CE5-AAA9-E3DAE6BF0C04}.Release|Any CPU.Build.0 = Release|Any CPU
		{372B076F-856D-41E2-8D59-23733D2D4A0E}.Debug|Any CPU.ActiveCfg = Debug|Any CPU
		{372B076F-856D-41E2-8D59-23733D2D4A0E}.Debug|Any CPU.Build.0 = Debug|Any CPU
		{372B076F-856D-41E2-8D59-23733D2D4A0E}.Release|Any CPU.ActiveCfg = Release|Any CPU
		{372B076F-856D-41E2-8D59-23733D2D4A0E}.Release|Any CPU.Build.0 = Release|Any CPU
		{1746E990-FF4C-4C86-AF43-1D8389F9512F}.Debug|Any CPU.ActiveCfg = Debug|Any CPU
		{1746E990-FF4C-4C86-AF43-1D8389F9512F}.Debug|Any CPU.Build.0 = Debug|Any CPU
		{1746E990-FF4C-4C86-AF43-1D8389F9512F}.Release|Any CPU.ActiveCfg = Release|Any CPU
		{1746E990-FF4C-4C86-AF43-1D8389F9512F}.Release|Any CPU.Build.0 = Release|Any CPU
		{EE501C47-ECB2-49EA-8F3C-05E1C44C201C}.Debug|Any CPU.ActiveCfg = Debug|Any CPU
		{EE501C47-ECB2-49EA-8F3C-05E1C44C201C}.Debug|Any CPU.Build.0 = Debug|Any CPU
		{EE501C47-ECB2-49EA-8F3C-05E1C44C201C}.Release|Any CPU.ActiveCfg = Release|Any CPU
		{EE501C47-ECB2-49EA-8F3C-05E1C44C201C}.Release|Any CPU.Build.0 = Release|Any CPU
		{4C837B57-E62C-4FD3-824F-74D315634DE1}.Debug|Any CPU.ActiveCfg = Debug|Any CPU
		{4C837B57-E62C-4FD3-824F-74D315634DE1}.Debug|Any CPU.Build.0 = Debug|Any CPU
		{4C837B57-E62C-4FD3-824F-74D315634DE1}.Release|Any CPU.ActiveCfg = Release|Any CPU
		{4C837B57-E62C-4FD3-824F-74D315634DE1}.Release|Any CPU.Build.0 = Release|Any CPU
		{4DF09841-A830-432F-92BE-D019F4AAFAF9}.Debug|Any CPU.ActiveCfg = Debug|Any CPU
		{4DF09841-A830-432F-92BE-D019F4AAFAF9}.Debug|Any CPU.Build.0 = Debug|Any CPU
		{4DF09841-A830-432F-92BE-D019F4AAFAF9}.Release|Any CPU.ActiveCfg = Release|Any CPU
		{4DF09841-A830-432F-92BE-D019F4AAFAF9}.Release|Any CPU.Build.0 = Release|Any CPU
		{90030514-BD2C-4348-B7E3-798F6D62C2A7}.Debug|Any CPU.ActiveCfg = Debug|Any CPU
		{90030514-BD2C-4348-B7E3-798F6D62C2A7}.Debug|Any CPU.Build.0 = Debug|Any CPU
		{90030514-BD2C-4348-B7E3-798F6D62C2A7}.Release|Any CPU.ActiveCfg = Release|Any CPU
		{90030514-BD2C-4348-B7E3-798F6D62C2A7}.Release|Any CPU.Build.0 = Release|Any CPU
		{01F8216E-A352-4274-AA0E-E8C25D80926C}.Debug|Any CPU.ActiveCfg = Debug|Any CPU
		{01F8216E-A352-4274-AA0E-E8C25D80926C}.Debug|Any CPU.Build.0 = Debug|Any CPU
		{01F8216E-A352-4274-AA0E-E8C25D80926C}.Release|Any CPU.ActiveCfg = Release|Any CPU
		{01F8216E-A352-4274-AA0E-E8C25D80926C}.Release|Any CPU.Build.0 = Release|Any CPU
		{764B86AC-E52A-41CA-A914-3117B07C333D}.Debug|Any CPU.ActiveCfg = Debug|Any CPU
		{764B86AC-E52A-41CA-A914-3117B07C333D}.Debug|Any CPU.Build.0 = Debug|Any CPU
		{764B86AC-E52A-41CA-A914-3117B07C333D}.Release|Any CPU.ActiveCfg = Release|Any CPU
		{764B86AC-E52A-41CA-A914-3117B07C333D}.Release|Any CPU.Build.0 = Release|Any CPU
		{A546C941-5C95-4C86-AA66-B5E5ABC6B09C}.Debug|Any CPU.ActiveCfg = Debug|Any CPU
		{A546C941-5C95-4C86-AA66-B5E5ABC6B09C}.Debug|Any CPU.Build.0 = Debug|Any CPU
		{A546C941-5C95-4C86-AA66-B5E5ABC6B09C}.Release|Any CPU.ActiveCfg = Release|Any CPU
		{A546C941-5C95-4C86-AA66-B5E5ABC6B09C}.Release|Any CPU.Build.0 = Release|Any CPU
	EndGlobalSection
	GlobalSection(SolutionProperties) = preSolution
		HideSolutionNode = FALSE
	EndGlobalSection
	GlobalSection(ExtensibilityGlobals) = postSolution
		SolutionGuid = {B2AEDDDA-FA78-4B73-96C1-D35402E37374}
	EndGlobalSection
EndGlobal
