
Microsoft Visual Studio Solution File, Format Version 12.00
# Visual Studio Version 16
VisualStudioVersion = 16.0.30503.244
MinimumVisualStudioVersion = 10.0.40219.1
Project("{9A19103F-16F7-4668-BE54-9A1E7A4F7556}") = "03", "lab3\03.csproj", "{F90C6233-1D5C-4B15-B8D2-CCD033EC5398}"
EndProject
Project("{9A19103F-16F7-4668-BE54-9A1E7A4F7556}") = "02", "02\02.csproj", "{9A512286-1B70-4A5E-A456-4277E7221332}"
EndProject
Project("{9A19103F-16F7-4668-BE54-9A1E7A4F7556}") = "01", "03\01.csproj", "{2FECFF40-7FCB-4F1C-9471-657AF2198D93}"
EndProject
Project("{9A19103F-16F7-4668-BE54-9A1E7A4F7556}") = "04", "04\04.csproj", "{674565F5-8FFD-4340-80FC-C5B92D029F9C}"
EndProject
Project("{9A19103F-16F7-4668-BE54-9A1E7A4F7556}") = "05", "05\05.csproj", "{E6228BD3-1313-435E-9643-29F1E560B0F1}"
EndProject
Project("{9A19103F-16F7-4668-BE54-9A1E7A4F7556}") = "06", "06\06.csproj", "{DD6C7917-9597-40F6-8B1A-3281A7090246}"
EndProject
Project("{FAE04EC0-301F-11D3-BF4B-00C04F79EFBC}") = "07", "07\07.csproj", "{08BBE689-413F-41A3-B646-33DD5C1235B5}"
EndProject
Project("{FAE04EC0-301F-11D3-BF4B-00C04F79EFBC}") = "08", "08\08.csproj", "{30E8E30E-087B-47A8-ADAA-22694426B338}"
EndProject
Project("{FAE04EC0-301F-11D3-BF4B-00C04F79EFBC}") = "09", "09\09.csproj", "{FE92C1BD-0D62-49A4-89CF-4E249A44446E}"
EndProject
Project("{FAE04EC0-301F-11D3-BF4B-00C04F79EFBC}") = "10", "10\10.csproj", "{CAEDCB4E-CDC0-4723-8E14-8D3A8FF82983}"
EndProject
Project("{FAE04EC0-301F-11D3-BF4B-00C04F79EFBC}") = "11", "11\11.csproj", "{67235D8E-92ED-44EF-B83F-10440FB20906}"
EndProject
Global
	GlobalSection(SolutionConfigurationPlatforms) = preSolution
		Debug|Any CPU = Debug|Any CPU
		Release|Any CPU = Release|Any CPU
	EndGlobalSection
	GlobalSection(ProjectConfigurationPlatforms) = postSolution
		{F90C6233-1D5C-4B15-B8D2-CCD033EC5398}.Debug|Any CPU.ActiveCfg = Debug|Any CPU
		{F90C6233-1D5C-4B15-B8D2-CCD033EC5398}.Debug|Any CPU.Build.0 = Debug|Any CPU
		{F90C6233-1D5C-4B15-B8D2-CCD033EC5398}.Release|Any CPU.ActiveCfg = Release|Any CPU
		{F90C6233-1D5C-4B15-B8D2-CCD033EC5398}.Release|Any CPU.Build.0 = Release|Any CPU
		{9A512286-1B70-4A5E-A456-4277E7221332}.Debug|Any CPU.ActiveCfg = Debug|Any CPU
		{9A512286-1B70-4A5E-A456-4277E7221332}.Debug|Any CPU.Build.0 = Debug|Any CPU
		{9A512286-1B70-4A5E-A456-4277E7221332}.Release|Any CPU.ActiveCfg = Release|Any CPU
		{9A512286-1B70-4A5E-A456-4277E7221332}.Release|Any CPU.Build.0 = Release|Any CPU
		{2FECFF40-7FCB-4F1C-9471-657AF2198D93}.Debug|Any CPU.ActiveCfg = Debug|Any CPU
		{2FECFF40-7FCB-4F1C-9471-657AF2198D93}.Debug|Any CPU.Build.0 = Debug|Any CPU
		{2FECFF40-7FCB-4F1C-9471-657AF2198D93}.Release|Any CPU.ActiveCfg = Release|Any CPU
		{2FECFF40-7FCB-4F1C-9471-657AF2198D93}.Release|Any CPU.Build.0 = Release|Any CPU
		{674565F5-8FFD-4340-80FC-C5B92D029F9C}.Debug|Any CPU.ActiveCfg = Debug|Any CPU
		{674565F5-8FFD-4340-80FC-C5B92D029F9C}.Debug|Any CPU.Build.0 = Debug|Any CPU
		{674565F5-8FFD-4340-80FC-C5B92D029F9C}.Release|Any CPU.ActiveCfg = Release|Any CPU
		{674565F5-8FFD-4340-80FC-C5B92D029F9C}.Release|Any CPU.Build.0 = Release|Any CPU
		{E6228BD3-1313-435E-9643-29F1E560B0F1}.Debug|Any CPU.ActiveCfg = Debug|Any CPU
		{E6228BD3-1313-435E-9643-29F1E560B0F1}.Debug|Any CPU.Build.0 = Debug|Any CPU
		{E6228BD3-1313-435E-9643-29F1E560B0F1}.Release|Any CPU.ActiveCfg = Release|Any CPU
		{E6228BD3-1313-435E-9643-29F1E560B0F1}.Release|Any CPU.Build.0 = Release|Any CPU
		{DD6C7917-9597-40F6-8B1A-3281A7090246}.Debug|Any CPU.ActiveCfg = Debug|Any CPU
		{DD6C7917-9597-40F6-8B1A-3281A7090246}.Debug|Any CPU.Build.0 = Debug|Any CPU
		{DD6C7917-9597-40F6-8B1A-3281A7090246}.Release|Any CPU.ActiveCfg = Release|Any CPU
		{DD6C7917-9597-40F6-8B1A-3281A7090246}.Release|Any CPU.Build.0 = Release|Any CPU
		{08BBE689-413F-41A3-B646-33DD5C1235B5}.Debug|Any CPU.ActiveCfg = Debug|Any CPU
		{08BBE689-413F-41A3-B646-33DD5C1235B5}.Debug|Any CPU.Build.0 = Debug|Any CPU
		{08BBE689-413F-41A3-B646-33DD5C1235B5}.Release|Any CPU.ActiveCfg = Release|Any CPU
		{08BBE689-413F-41A3-B646-33DD5C1235B5}.Release|Any CPU.Build.0 = Release|Any CPU
		{30E8E30E-087B-47A8-ADAA-22694426B338}.Debug|Any CPU.ActiveCfg = Debug|Any CPU
		{30E8E30E-087B-47A8-ADAA-22694426B338}.Debug|Any CPU.Build.0 = Debug|Any CPU
		{30E8E30E-087B-47A8-ADAA-22694426B338}.Release|Any CPU.ActiveCfg = Release|Any CPU
		{30E8E30E-087B-47A8-ADAA-22694426B338}.Release|Any CPU.Build.0 = Release|Any CPU
		{FE92C1BD-0D62-49A4-89CF-4E249A44446E}.Debug|Any CPU.ActiveCfg = Debug|Any CPU
		{FE92C1BD-0D62-49A4-89CF-4E249A44446E}.Debug|Any CPU.Build.0 = Debug|Any CPU
		{FE92C1BD-0D62-49A4-89CF-4E249A44446E}.Release|Any CPU.ActiveCfg = Release|Any CPU
		{FE92C1BD-0D62-49A4-89CF-4E249A44446E}.Release|Any CPU.Build.0 = Release|Any CPU
		{CAEDCB4E-CDC0-4723-8E14-8D3A8FF82983}.Debug|Any CPU.ActiveCfg = Debug|Any CPU
		{CAEDCB4E-CDC0-4723-8E14-8D3A8FF82983}.Debug|Any CPU.Build.0 = Debug|Any CPU
		{CAEDCB4E-CDC0-4723-8E14-8D3A8FF82983}.Release|Any CPU.ActiveCfg = Release|Any CPU
		{CAEDCB4E-CDC0-4723-8E14-8D3A8FF82983}.Release|Any CPU.Build.0 = Release|Any CPU
		{67235D8E-92ED-44EF-B83F-10440FB20906}.Debug|Any CPU.ActiveCfg = Debug|Any CPU
		{67235D8E-92ED-44EF-B83F-10440FB20906}.Debug|Any CPU.Build.0 = Debug|Any CPU
		{67235D8E-92ED-44EF-B83F-10440FB20906}.Release|Any CPU.ActiveCfg = Release|Any CPU
		{67235D8E-92ED-44EF-B83F-10440FB20906}.Release|Any CPU.Build.0 = Release|Any CPU
	EndGlobalSection
	GlobalSection(SolutionProperties) = preSolution
		HideSolutionNode = FALSE
	EndGlobalSection
	GlobalSection(ExtensibilityGlobals) = postSolution
		SolutionGuid = {80582FF4-0390-4A1A-A172-607DF90E34AD}
	EndGlobalSection
EndGlobal
